
Microsoft Visual Studio Solution File, Format Version 12.00
# Visual Studio Version 17
VisualStudioVersion = 17.8.34511.84
MinimumVisualStudioVersion = 10.0.40219.1
Project("{FAE04EC0-301F-11D3-BF4B-00C04F79EFBC}") = "ManuelBelausteguiChallengeM5", "ManuelBelausteguiChallengeM5.csproj", "{F1729342-06E8-4487-AC0C-74C53DEEA37F}"
EndProject
Global
	GlobalSection(SolutionConfigurationPlatforms) = preSolution
		Debug|Any CPU = Debug|Any CPU
		Release|Any CPU = Release|Any CPU
	EndGlobalSection
	GlobalSection(ProjectConfigurationPlatforms) = postSolution
		{F1729342-06E8-4487-AC0C-74C53DEEA37F}.Debug|Any CPU.ActiveCfg = Debug|Any CPU
		{F1729342-06E8-4487-AC0C-74C53DEEA37F}.Debug|Any CPU.Build.0 = Debug|Any CPU
		{F1729342-06E8-4487-AC0C-74C53DEEA37F}.Release|Any CPU.ActiveCfg = Release|Any CPU
		{F1729342-06E8-4487-AC0C-74C53DEEA37F}.Release|Any CPU.Build.0 = Release|Any CPU
	EndGlobalSection
	GlobalSection(SolutionProperties) = preSolution
		HideSolutionNode = FALSE
	EndGlobalSection
	GlobalSection(ExtensibilityGlobals) = postSolution
		SolutionGuid = {2DE9B453-4F22-451E-A794-FDCD16912BF1}
	EndGlobalSection
EndGlobal
